// !$*UTF8*$!
{
	archiveVersion = 1;
	classes = {
	};
	objectVersion = 50;
	objects = {

/* Begin PBXBuildFile section */
		D95CB8502316B9340060F7D8 /* AppDelegate.swift in Sources */ = {isa = PBXBuildFile; fileRef = D95CB84F2316B9340060F7D8 /* AppDelegate.swift */; };
		D95CB8572316B9340060F7D8 /* Main.storyboard in Resources */ = {isa = PBXBuildFile; fileRef = D95CB8552316B9340060F7D8 /* Main.storyboard */; };
		D95CB8592316B9380060F7D8 /* Assets.xcassets in Resources */ = {isa = PBXBuildFile; fileRef = D95CB8582316B9380060F7D8 /* Assets.xcassets */; };
		D95CB85C2316B9380060F7D8 /* LaunchScreen.storyboard in Resources */ = {isa = PBXBuildFile; fileRef = D95CB85A2316B9380060F7D8 /* LaunchScreen.storyboard */; };
		D95CB8642316C8410060F7D8 /* BoatPiece.swift in Sources */ = {isa = PBXBuildFile; fileRef = D95CB8632316C8400060F7D8 /* BoatPiece.swift */; };
		D95CB8662316C85C0060F7D8 /* Ergo.swift in Sources */ = {isa = PBXBuildFile; fileRef = D95CB8652316C85C0060F7D8 /* Ergo.swift */; };
		D95CB8682316C88A0060F7D8 /* MatrixLink.swift in Sources */ = {isa = PBXBuildFile; fileRef = D95CB8672316C88A0060F7D8 /* MatrixLink.swift */; };
		D95CB86A2316C88F0060F7D8 /* Person.swift in Sources */ = {isa = PBXBuildFile; fileRef = D95CB8692316C88F0060F7D8 /* Person.swift */; };
		D95CB86C2316C8950060F7D8 /* Login.swift in Sources */ = {isa = PBXBuildFile; fileRef = D95CB86B2316C8950060F7D8 /* Login.swift */; };
		D95CB86E2316C89B0060F7D8 /* Matrix.swift in Sources */ = {isa = PBXBuildFile; fileRef = D95CB86D2316C89A0060F7D8 /* Matrix.swift */; };
		D95CB8702316C8A00060F7D8 /* Pieces.swift in Sources */ = {isa = PBXBuildFile; fileRef = D95CB86F2316C8A00060F7D8 /* Pieces.swift */; };
		D95CB8722316C8A50060F7D8 /* Seatrace.swift in Sources */ = {isa = PBXBuildFile; fileRef = D95CB8712316C8A50060F7D8 /* Seatrace.swift */; };
		D95CB8742316C8AA0060F7D8 /* PersonPiece.swift in Sources */ = {isa = PBXBuildFile; fileRef = D95CB8732316C8A90060F7D8 /* PersonPiece.swift */; };
		D95CB8762316C8AE0060F7D8 /* SeatracePerson.swift in Sources */ = {isa = PBXBuildFile; fileRef = D95CB8752316C8AE0060F7D8 /* SeatracePerson.swift */; };
		D95CB8782316C8B30060F7D8 /* PGMT.swift in Sources */ = {isa = PBXBuildFile; fileRef = D95CB8772316C8B30060F7D8 /* PGMT.swift */; };
		D95CB87A2316C8B70060F7D8 /* StoredBoats.swift in Sources */ = {isa = PBXBuildFile; fileRef = D95CB8792316C8B70060F7D8 /* StoredBoats.swift */; };
		D95CB87C2316CC220060F7D8 /* ErgoViewController.swift in Sources */ = {isa = PBXBuildFile; fileRef = D95CB87B2316CC220060F7D8 /* ErgoViewController.swift */; };
		D95CB87E2316CC850060F7D8 /* AdminViewController.swift in Sources */ = {isa = PBXBuildFile; fileRef = D95CB87D2316CC850060F7D8 /* AdminViewController.swift */; };
		D95CB8802316D00B0060F7D8 /* SeatraceViewController.swift in Sources */ = {isa = PBXBuildFile; fileRef = D95CB87F2316D00B0060F7D8 /* SeatraceViewController.swift */; };
		D95CB8822316D0170060F7D8 /* MatrixViewController.swift in Sources */ = {isa = PBXBuildFile; fileRef = D95CB8812316D0170060F7D8 /* MatrixViewController.swift */; };
		D95CB8842316D0260060F7D8 /* TimerViewController.swift in Sources */ = {isa = PBXBuildFile; fileRef = D95CB8832316D0260060F7D8 /* TimerViewController.swift */; };
		D95CB8862316D0410060F7D8 /* PiecesViewController.swift in Sources */ = {isa = PBXBuildFile; fileRef = D95CB8852316D0410060F7D8 /* PiecesViewController.swift */; };
/* End PBXBuildFile section */

/* Begin PBXFileReference section */
		D95CB84C2316B9340060F7D8 /* NEW.app */ = {isa = PBXFileReference; explicitFileType = wrapper.application; includeInIndex = 0; path = NEW.app; sourceTree = BUILT_PRODUCTS_DIR; };
		D95CB84F2316B9340060F7D8 /* AppDelegate.swift */ = {isa = PBXFileReference; lastKnownFileType = sourcecode.swift; path = AppDelegate.swift; sourceTree = "<group>"; };
		D95CB8562316B9340060F7D8 /* Base */ = {isa = PBXFileReference; lastKnownFileType = file.storyboard; name = Base; path = Base.lproj/Main.storyboard; sourceTree = "<group>"; };
		D95CB8582316B9380060F7D8 /* Assets.xcassets */ = {isa = PBXFileReference; lastKnownFileType = folder.assetcatalog; path = Assets.xcassets; sourceTree = "<group>"; };
		D95CB85B2316B9380060F7D8 /* Base */ = {isa = PBXFileReference; lastKnownFileType = file.storyboard; name = Base; path = Base.lproj/LaunchScreen.storyboard; sourceTree = "<group>"; };
		D95CB85D2316B9380060F7D8 /* Info.plist */ = {isa = PBXFileReference; lastKnownFileType = text.plist.xml; path = Info.plist; sourceTree = "<group>"; };
		D95CB8632316C8400060F7D8 /* BoatPiece.swift */ = {isa = PBXFileReference; fileEncoding = 4; lastKnownFileType = sourcecode.swift; path = BoatPiece.swift; sourceTree = "<group>"; };
		D95CB8652316C85C0060F7D8 /* Ergo.swift */ = {isa = PBXFileReference; fileEncoding = 4; lastKnownFileType = sourcecode.swift; path = Ergo.swift; sourceTree = "<group>"; };
		D95CB8672316C88A0060F7D8 /* MatrixLink.swift */ = {isa = PBXFileReference; fileEncoding = 4; lastKnownFileType = sourcecode.swift; path = MatrixLink.swift; sourceTree = "<group>"; };
		D95CB8692316C88F0060F7D8 /* Person.swift */ = {isa = PBXFileReference; fileEncoding = 4; lastKnownFileType = sourcecode.swift; path = Person.swift; sourceTree = "<group>"; };
		D95CB86B2316C8950060F7D8 /* Login.swift */ = {isa = PBXFileReference; fileEncoding = 4; lastKnownFileType = sourcecode.swift; path = Login.swift; sourceTree = "<group>"; };
		D95CB86D2316C89A0060F7D8 /* Matrix.swift */ = {isa = PBXFileReference; fileEncoding = 4; lastKnownFileType = sourcecode.swift; path = Matrix.swift; sourceTree = "<group>"; };
		D95CB86F2316C8A00060F7D8 /* Pieces.swift */ = {isa = PBXFileReference; fileEncoding = 4; lastKnownFileType = sourcecode.swift; path = Pieces.swift; sourceTree = "<group>"; };
		D95CB8712316C8A50060F7D8 /* Seatrace.swift */ = {isa = PBXFileReference; fileEncoding = 4; lastKnownFileType = sourcecode.swift; path = Seatrace.swift; sourceTree = "<group>"; };
		D95CB8732316C8A90060F7D8 /* PersonPiece.swift */ = {isa = PBXFileReference; fileEncoding = 4; lastKnownFileType = sourcecode.swift; path = PersonPiece.swift; sourceTree = "<group>"; };
		D95CB8752316C8AE0060F7D8 /* SeatracePerson.swift */ = {isa = PBXFileReference; fileEncoding = 4; lastKnownFileType = sourcecode.swift; path = SeatracePerson.swift; sourceTree = "<group>"; };
		D95CB8772316C8B30060F7D8 /* PGMT.swift */ = {isa = PBXFileReference; fileEncoding = 4; lastKnownFileType = sourcecode.swift; path = PGMT.swift; sourceTree = "<group>"; };
		D95CB8792316C8B70060F7D8 /* StoredBoats.swift */ = {isa = PBXFileReference; fileEncoding = 4; lastKnownFileType = sourcecode.swift; path = StoredBoats.swift; sourceTree = "<group>"; };
		D95CB87B2316CC220060F7D8 /* ErgoViewController.swift */ = {isa = PBXFileReference; lastKnownFileType = sourcecode.swift; path = ErgoViewController.swift; sourceTree = "<group>"; };
		D95CB87D2316CC850060F7D8 /* AdminViewController.swift */ = {isa = PBXFileReference; lastKnownFileType = sourcecode.swift; path = AdminViewController.swift; sourceTree = "<group>"; };
		D95CB87F2316D00B0060F7D8 /* SeatraceViewController.swift */ = {isa = PBXFileReference; lastKnownFileType = sourcecode.swift; path = SeatraceViewController.swift; sourceTree = "<group>"; };
		D95CB8812316D0170060F7D8 /* MatrixViewController.swift */ = {isa = PBXFileReference; lastKnownFileType = sourcecode.swift; path = MatrixViewController.swift; sourceTree = "<group>"; };
		D95CB8832316D0260060F7D8 /* TimerViewController.swift */ = {isa = PBXFileReference; lastKnownFileType = sourcecode.swift; path = TimerViewController.swift; sourceTree = "<group>"; };
		D95CB8852316D0410060F7D8 /* PiecesViewController.swift */ = {isa = PBXFileReference; lastKnownFileType = sourcecode.swift; path = PiecesViewController.swift; sourceTree = "<group>"; };
/* End PBXFileReference section */

/* Begin PBXFrameworksBuildPhase section */
		D95CB8492316B9340060F7D8 /* Frameworks */ = {
			isa = PBXFrameworksBuildPhase;
			buildActionMask = 2147483647;
			files = (
			);
			runOnlyForDeploymentPostprocessing = 0;
		};
/* End PBXFrameworksBuildPhase section */

/* Begin PBXGroup section */
		D95CB8432316B9340060F7D8 = {
			isa = PBXGroup;
			children = (
				D95CB84E2316B9340060F7D8 /* NEW */,
				D95CB84D2316B9340060F7D8 /* Products */,
			);
			sourceTree = "<group>";
		};
		D95CB84D2316B9340060F7D8 /* Products */ = {
			isa = PBXGroup;
			children = (
				D95CB84C2316B9340060F7D8 /* NEW.app */,
			);
			name = Products;
			sourceTree = "<group>";
		};
		D95CB84E2316B9340060F7D8 /* NEW */ = {
			isa = PBXGroup;
			children = (
				D95CB84F2316B9340060F7D8 /* AppDelegate.swift */,
				D95CB8632316C8400060F7D8 /* BoatPiece.swift */,
				D95CB8652316C85C0060F7D8 /* Ergo.swift */,
				D95CB8672316C88A0060F7D8 /* MatrixLink.swift */,
				D95CB8692316C88F0060F7D8 /* Person.swift */,
				D95CB86B2316C8950060F7D8 /* Login.swift */,
				D95CB86D2316C89A0060F7D8 /* Matrix.swift */,
				D95CB86F2316C8A00060F7D8 /* Pieces.swift */,
				D95CB8732316C8A90060F7D8 /* PersonPiece.swift */,
				D95CB87B2316CC220060F7D8 /* ErgoViewController.swift */,
				D95CB87D2316CC850060F7D8 /* AdminViewController.swift */,
				D95CB87F2316D00B0060F7D8 /* SeatraceViewController.swift */,
				D95CB8812316D0170060F7D8 /* MatrixViewController.swift */,
				D95CB8832316D0260060F7D8 /* TimerViewController.swift */,
				D95CB8852316D0410060F7D8 /* PiecesViewController.swift */,
				D95CB8772316C8B30060F7D8 /* PGMT.swift */,
				D95CB8752316C8AE0060F7D8 /* SeatracePerson.swift */,
				D95CB8792316C8B70060F7D8 /* StoredBoats.swift */,
				D95CB8712316C8A50060F7D8 /* Seatrace.swift */,
				D95CB8552316B9340060F7D8 /* Main.storyboard */,
				D95CB8582316B9380060F7D8 /* Assets.xcassets */,
				D95CB85A2316B9380060F7D8 /* LaunchScreen.storyboard */,
				D95CB85D2316B9380060F7D8 /* Info.plist */,
			);
			path = NEW;
			sourceTree = "<group>";
		};
/* End PBXGroup section */

/* Begin PBXNativeTarget section */
		D95CB84B2316B9340060F7D8 /* NEW */ = {
			isa = PBXNativeTarget;
			buildConfigurationList = D95CB8602316B9380060F7D8 /* Build configuration list for PBXNativeTarget "NEW" */;
			buildPhases = (
				D95CB8482316B9340060F7D8 /* Sources */,
				D95CB8492316B9340060F7D8 /* Frameworks */,
				D95CB84A2316B9340060F7D8 /* Resources */,
			);
			buildRules = (
			);
			dependencies = (
			);
			name = NEW;
			productName = NEW;
			productReference = D95CB84C2316B9340060F7D8 /* NEW.app */;
			productType = "com.apple.product-type.application";
		};
/* End PBXNativeTarget section */

/* Begin PBXProject section */
		D95CB8442316B9340060F7D8 /* Project object */ = {
			isa = PBXProject;
			attributes = {
				LastSwiftUpdateCheck = 1030;
				LastUpgradeCheck = 1030;
				ORGANIZATIONNAME = "Sasha Glasson";
				TargetAttributes = {
					D95CB84B2316B9340060F7D8 = {
						CreatedOnToolsVersion = 10.3;
					};
				};
			};
			buildConfigurationList = D95CB8472316B9340060F7D8 /* Build configuration list for PBXProject "NEW" */;
			compatibilityVersion = "Xcode 9.3";
			developmentRegion = en;
			hasScannedForEncodings = 0;
			knownRegions = (
				en,
				Base,
			);
			mainGroup = D95CB8432316B9340060F7D8;
			productRefGroup = D95CB84D2316B9340060F7D8 /* Products */;
			projectDirPath = "";
			projectRoot = "";
			targets = (
				D95CB84B2316B9340060F7D8 /* NEW */,
			);
		};
/* End PBXProject section */

/* Begin PBXResourcesBuildPhase section */
		D95CB84A2316B9340060F7D8 /* Resources */ = {
			isa = PBXResourcesBuildPhase;
			buildActionMask = 2147483647;
			files = (
				D95CB85C2316B9380060F7D8 /* LaunchScreen.storyboard in Resources */,
				D95CB8592316B9380060F7D8 /* Assets.xcassets in Resources */,
				D95CB8572316B9340060F7D8 /* Main.storyboard in Resources */,
			);
			runOnlyForDeploymentPostprocessing = 0;
		};
/* End PBXResourcesBuildPhase section */

/* Begin PBXSourcesBuildPhase section */
		D95CB8482316B9340060F7D8 /* Sources */ = {
			isa = PBXSourcesBuildPhase;
			buildActionMask = 2147483647;
			files = (
				D95CB8702316C8A00060F7D8 /* Pieces.swift in Sources */,
				D95CB8762316C8AE0060F7D8 /* SeatracePerson.swift in Sources */,
				D95CB8742316C8AA0060F7D8 /* PersonPiece.swift in Sources */,
				D95CB87E2316CC850060F7D8 /* AdminViewController.swift in Sources */,
				D95CB86E2316C89B0060F7D8 /* Matrix.swift in Sources */,
				D95CB86A2316C88F0060F7D8 /* Person.swift in Sources */,
				D95CB87A2316C8B70060F7D8 /* StoredBoats.swift in Sources */,
				D95CB8862316D0410060F7D8 /* PiecesViewController.swift in Sources */,
				D95CB8642316C8410060F7D8 /* BoatPiece.swift in Sources */,
				D95CB8662316C85C0060F7D8 /* Ergo.swift in Sources */,
				D95CB86C2316C8950060F7D8 /* Login.swift in Sources */,
				D95CB8842316D0260060F7D8 /* TimerViewController.swift in Sources */,
				D95CB8822316D0170060F7D8 /* MatrixViewController.swift in Sources */,
				D95CB87C2316CC220060F7D8 /* ErgoViewController.swift in Sources */,
				D95CB8722316C8A50060F7D8 /* Seatrace.swift in Sources */,
				D95CB8782316C8B30060F7D8 /* PGMT.swift in Sources */,
				D95CB8682316C88A0060F7D8 /* MatrixLink.swift in Sources */,
				D95CB8802316D00B0060F7D8 /* SeatraceViewController.swift in Sources */,
				D95CB8502316B9340060F7D8 /* AppDelegate.swift in Sources */,
			);
			runOnlyForDeploymentPostprocessing = 0;
		};
/* End PBXSourcesBuildPhase section */

/* Begin PBXVariantGroup section */
		D95CB8552316B9340060F7D8 /* Main.storyboard */ = {
			isa = PBXVariantGroup;
			children = (
				D95CB8562316B9340060F7D8 /* Base */,
			);
			name = Main.storyboard;
			sourceTree = "<group>";
		};
		D95CB85A2316B9380060F7D8 /* LaunchScreen.storyboard */ = {
			isa = PBXVariantGroup;
			children = (
				D95CB85B2316B9380060F7D8 /* Base */,
			);
			name = LaunchScreen.storyboard;
			sourceTree = "<group>";
		};
/* End PBXVariantGroup section */

/* Begin XCBuildConfiguration section */
		D95CB85E2316B9380060F7D8 /* Debug */ = {
			isa = XCBuildConfiguration;
			buildSettings = {
				ALWAYS_SEARCH_USER_PATHS = NO;
				CLANG_ANALYZER_NONNULL = YES;
				CLANG_ANALYZER_NUMBER_OBJECT_CONVERSION = YES_AGGRESSIVE;
				CLANG_CXX_LANGUAGE_STANDARD = "gnu++14";
				CLANG_CXX_LIBRARY = "libc++";
				CLANG_ENABLE_MODULES = YES;
				CLANG_ENABLE_OBJC_ARC = YES;
				CLANG_ENABLE_OBJC_WEAK = YES;
				CLANG_WARN_BLOCK_CAPTURE_AUTORELEASING = YES;
				CLANG_WARN_BOOL_CONVERSION = YES;
				CLANG_WARN_COMMA = YES;
				CLANG_WARN_CONSTANT_CONVERSION = YES;
				CLANG_WARN_DEPRECATED_OBJC_IMPLEMENTATIONS = YES;
				CLANG_WARN_DIRECT_OBJC_ISA_USAGE = YES_ERROR;
				CLANG_WARN_DOCUMENTATION_COMMENTS = YES;
				CLANG_WARN_EMPTY_BODY = YES;
				CLANG_WARN_ENUM_CONVERSION = YES;
				CLANG_WARN_INFINITE_RECURSION = YES;
				CLANG_WARN_INT_CONVERSION = YES;
				CLANG_WARN_NON_LITERAL_NULL_CONVERSION = YES;
				CLANG_WARN_OBJC_IMPLICIT_RETAIN_SELF = YES;
				CLANG_WARN_OBJC_LITERAL_CONVERSION = YES;
				CLANG_WARN_OBJC_ROOT_CLASS = YES_ERROR;
				CLANG_WARN_RANGE_LOOP_ANALYSIS = YES;
				CLANG_WARN_STRICT_PROTOTYPES = YES;
				CLANG_WARN_SUSPICIOUS_MOVE = YES;
				CLANG_WARN_UNGUARDED_AVAILABILITY = YES_AGGRESSIVE;
				CLANG_WARN_UNREACHABLE_CODE = YES;
				CLANG_WARN__DUPLICATE_METHOD_MATCH = YES;
				CODE_SIGN_IDENTITY = "iPhone Developer";
				COPY_PHASE_STRIP = NO;
				DEBUG_INFORMATION_FORMAT = dwarf;
				ENABLE_STRICT_OBJC_MSGSEND = YES;
				ENABLE_TESTABILITY = YES;
				GCC_C_LANGUAGE_STANDARD = gnu11;
				GCC_DYNAMIC_NO_PIC = NO;
				GCC_NO_COMMON_BLOCKS = YES;
				GCC_OPTIMIZATION_LEVEL = 0;
				GCC_PREPROCESSOR_DEFINITIONS = (
					"DEBUG=1",
					"$(inherited)",
				);
				GCC_WARN_64_TO_32_BIT_CONVERSION = YES;
				GCC_WARN_ABOUT_RETURN_TYPE = YES_ERROR;
				GCC_WARN_UNDECLARED_SELECTOR = YES;
				GCC_WARN_UNINITIALIZED_AUTOS = YES_AGGRESSIVE;
				GCC_WARN_UNUSED_FUNCTION = YES;
				GCC_WARN_UNUSED_VARIABLE = YES;
				IPHONEOS_DEPLOYMENT_TARGET = 12.4;
				MTL_ENABLE_DEBUG_INFO = INCLUDE_SOURCE;
				MTL_FAST_MATH = YES;
				ONLY_ACTIVE_ARCH = YES;
				SDKROOT = iphoneos;
				SWIFT_ACTIVE_COMPILATION_CONDITIONS = DEBUG;
				SWIFT_OPTIMIZATION_LEVEL = "-Onone";
			};
			name = Debug;
		};
		D95CB85F2316B9380060F7D8 /* Release */ = {
			isa = XCBuildConfiguration;
			buildSettings = {
				ALWAYS_SEARCH_USER_PATHS = NO;
				CLANG_ANALYZER_NONNULL = YES;
				CLANG_ANALYZER_NUMBER_OBJECT_CONVERSION = YES_AGGRESSIVE;
				CLANG_CXX_LANGUAGE_STANDARD = "gnu++14";
				CLANG_CXX_LIBRARY = "libc++";
				CLANG_ENABLE_MODULES = YES;
				CLANG_ENABLE_OBJC_ARC = YES;
				CLANG_ENABLE_OBJC_WEAK = YES;
				CLANG_WARN_BLOCK_CAPTURE_AUTORELEASING = YES;
				CLANG_WARN_BOOL_CONVERSION = YES;
				CLANG_WARN_COMMA = YES;
				CLANG_WARN_CONSTANT_CONVERSION = YES;
				CLANG_WARN_DEPRECATED_OBJC_IMPLEMENTATIONS = YES;
				CLANG_WARN_DIRECT_OBJC_ISA_USAGE = YES_ERROR;
				CLANG_WARN_DOCUMENTATION_COMMENTS = YES;
				CLANG_WARN_EMPTY_BODY = YES;
				CLANG_WARN_ENUM_CONVERSION = YES;
				CLANG_WARN_INFINITE_RECURSION = YES;
				CLANG_WARN_INT_CONVERSION = YES;
				CLANG_WARN_NON_LITERAL_NULL_CONVERSION = YES;
				CLANG_WARN_OBJC_IMPLICIT_RETAIN_SELF = YES;
				CLANG_WARN_OBJC_LITERAL_CONVERSION = YES;
				CLANG_WARN_OBJC_ROOT_CLASS = YES_ERROR;
				CLANG_WARN_RANGE_LOOP_ANALYSIS = YES;
				CLANG_WARN_STRICT_PROTOTYPES = YES;
				CLANG_WARN_SUSPICIOUS_MOVE = YES;
				CLANG_WARN_UNGUARDED_AVAILABILITY = YES_AGGRESSIVE;
				CLANG_WARN_UNREACHABLE_CODE = YES;
				CLANG_WARN__DUPLICATE_METHOD_MATCH = YES;
				CODE_SIGN_IDENTITY = "iPhone Developer";
				COPY_PHASE_STRIP = NO;
				DEBUG_INFORMATION_FORMAT = "dwarf-with-dsym";
				ENABLE_NS_ASSERTIONS = NO;
				ENABLE_STRICT_OBJC_MSGSEND = YES;
				GCC_C_LANGUAGE_STANDARD = gnu11;
				GCC_NO_COMMON_BLOCKS = YES;
				GCC_WARN_64_TO_32_BIT_CONVERSION = YES;
				GCC_WARN_ABOUT_RETURN_TYPE = YES_ERROR;
				GCC_WARN_UNDECLARED_SELECTOR = YES;
				GCC_WARN_UNINITIALIZED_AUTOS = YES_AGGRESSIVE;
				GCC_WARN_UNUSED_FUNCTION = YES;
				GCC_WARN_UNUSED_VARIABLE = YES;
				IPHONEOS_DEPLOYMENT_TARGET = 12.4;
				MTL_ENABLE_DEBUG_INFO = NO;
				MTL_FAST_MATH = YES;
				SDKROOT = iphoneos;
				SWIFT_COMPILATION_MODE = wholemodule;
				SWIFT_OPTIMIZATION_LEVEL = "-O";
				VALIDATE_PRODUCT = YES;
			};
			name = Release;
		};
		D95CB8612316B9380060F7D8 /* Debug */ = {
			isa = XCBuildConfiguration;
			buildSettings = {
				ASSETCATALOG_COMPILER_APPICON_NAME = AppIcon;
				CODE_SIGN_STYLE = Automatic;
				INFOPLIST_FILE = NEW/Info.plist;
				LD_RUNPATH_SEARCH_PATHS = (
					"$(inherited)",
					"@executable_path/Frameworks",
				);
				PRODUCT_BUNDLE_IDENTIFIER = com.sasha.NEW;
				PRODUCT_NAME = "$(TARGET_NAME)";
				SWIFT_VERSION = 5.0;
				TARGETED_DEVICE_FAMILY = "1,2";
			};
			name = Debug;
		};
		D95CB8622316B9380060F7D8 /* Release */ = {
			isa = XCBuildConfiguration;
			buildSettings = {
				ASSETCATALOG_COMPILER_APPICON_NAME = AppIcon;
				CODE_SIGN_STYLE = Automatic;
				INFOPLIST_FILE = NEW/Info.plist;
				LD_RUNPATH_SEARCH_PATHS = (
					"$(inherited)",
					"@executable_path/Frameworks",
				);
				PRODUCT_BUNDLE_IDENTIFIER = com.sasha.NEW;
				PRODUCT_NAME = "$(TARGET_NAME)";
				SWIFT_VERSION = 5.0;
				TARGETED_DEVICE_FAMILY = "1,2";
			};
			name = Release;
		};
/* End XCBuildConfiguration section */

/* Begin XCConfigurationList section */
		D95CB8472316B9340060F7D8 /* Build configuration list for PBXProject "NEW" */ = {
			isa = XCConfigurationList;
			buildConfigurations = (
				D95CB85E2316B9380060F7D8 /* Debug */,
				D95CB85F2316B9380060F7D8 /* Release */,
			);
			defaultConfigurationIsVisible = 0;
			defaultConfigurationName = Release;
		};
		D95CB8602316B9380060F7D8 /* Build configuration list for PBXNativeTarget "NEW" */ = {
			isa = XCConfigurationList;
			buildConfigurations = (
				D95CB8612316B9380060F7D8 /* Debug */,
				D95CB8622316B9380060F7D8 /* Release */,
			);
			defaultConfigurationIsVisible = 0;
			defaultConfigurationName = Release;
		};
/* End XCConfigurationList section */
	};
	rootObject = D95CB8442316B9340060F7D8 /* Project object */;
}
